
Microsoft Visual Studio Solution File, Format Version 12.00
# Visual Studio 14
VisualStudioVersion = 14.0.23107.0
MinimumVisualStudioVersion = 10.0.40219.1
Project("{FAE04EC0-301F-11D3-BF4B-00C04F79EFBC}") = "ShopDemoUI", "ShopDemoUI\ShopDemoUI.csproj", "{8C735315-75BD-4FBA-80D6-5030192206F8}"
EndProject
Project("{FAE04EC0-301F-11D3-BF4B-00C04F79EFBC}") = "ShopDemoLibrary", "ShopDemoLibrary\ShopDemoLibrary.csproj", "{C0266571-21AA-4F75-9F0A-2964821443A5}"
EndProject
Global
	GlobalSection(SolutionConfigurationPlatforms) = preSolution
		Debug|Any CPU = Debug|Any CPU
		Release|Any CPU = Release|Any CPU
	EndGlobalSection
	GlobalSection(ProjectConfigurationPlatforms) = postSolution
		{8C735315-75BD-4FBA-80D6-5030192206F8}.Debug|Any CPU.ActiveCfg = Debug|Any CPU
		{8C735315-75BD-4FBA-80D6-5030192206F8}.Debug|Any CPU.Build.0 = Debug|Any CPU
		{8C735315-75BD-4FBA-80D6-5030192206F8}.Release|Any CPU.ActiveCfg = Release|Any CPU
		{8C735315-75BD-4FBA-80D6-5030192206F8}.Release|Any CPU.Build.0 = Release|Any CPU
		{C0266571-21AA-4F75-9F0A-2964821443A5}.Debug|Any CPU.ActiveCfg = Debug|Any CPU
		{C0266571-21AA-4F75-9F0A-2964821443A5}.Debug|Any CPU.Build.0 = Debug|Any CPU
		{C0266571-21AA-4F75-9F0A-2964821443A5}.Release|Any CPU.ActiveCfg = Release|Any CPU
		{C0266571-21AA-4F75-9F0A-2964821443A5}.Release|Any CPU.Build.0 = Release|Any CPU
	EndGlobalSection
	GlobalSection(SolutionProperties) = preSolution
		HideSolutionNode = FALSE
	EndGlobalSection
EndGlobal
